
Microsoft Visual Studio Solution File, Format Version 12.00
# Visual Studio Version 16
VisualStudioVersion = 25.0.1704.2
MinimumVisualStudioVersion = 10.0.40219.1
Project("{FAE04EC0-301F-11D3-BF4B-00C04F79EFBC}") = "translator_quickstart", "translator_quickstart\translator_quickstart.csproj", "{B870199E-28A9-4B06-8FA7-74E214C92BDB}"
EndProject
Global
	GlobalSection(SolutionConfigurationPlatforms) = preSolution
		Debug|Any CPU = Debug|Any CPU
		Release|Any CPU = Release|Any CPU
	EndGlobalSection
	GlobalSection(ProjectConfigurationPlatforms) = postSolution
		{B870199E-28A9-4B06-8FA7-74E214C92BDB}.Debug|Any CPU.ActiveCfg = Debug|Any CPU
		{B870199E-28A9-4B06-8FA7-74E214C92BDB}.Debug|Any CPU.Build.0 = Debug|Any CPU
		{B870199E-28A9-4B06-8FA7-74E214C92BDB}.Release|Any CPU.ActiveCfg = Release|Any CPU
		{B870199E-28A9-4B06-8FA7-74E214C92BDB}.Release|Any CPU.Build.0 = Release|Any CPU
	EndGlobalSection
	GlobalSection(SolutionProperties) = preSolution
		HideSolutionNode = FALSE
	EndGlobalSection
	GlobalSection(ExtensibilityGlobals) = postSolution
		SolutionGuid = {DBEFBE5A-C167-48A6-B45F-DD99144F7D20}
	EndGlobalSection
EndGlobal
